github.com/danielgatis/go-findfont v1.0.1 h1:OgCyoo8OakOsBBK7+XUpEAQJxEXu1h6Us4wFm+xykSE=
github.com/danielgatis/go-findfont v1.0.1/go.mod h1:q9XXqsU66wHmkDw0sCvpcZEHQp2AZyDOA4SieOUrnVo=
github.com/danielgatis/go-freetype v0.0.0-20200926043333-689a6dd62194 h1:416svnDBgQEml+NnIjDl3ZPWXBSvnf74fZwD40qdbRw=
github.com/danielgatis/go-freetype v0.0.0-20200926043333-689a6dd62194/go.mod h1:pjjd3MneEbGDdyLiVLhzN5wUR1n0QGk3jzXCWtyDgKE=
github.com/danielgatis/go-ptrloop v1.0.0 h1:KN5JdmnUQk4fut4JdT4U5y/oPpf8dkPhWlJ/yHGdKlA=
github.com/danielgatis/go-ptrloop v1.0.0/go.mod h1:N31QEYrIGZyIRef9W1ci2wGMY2myDb89oC3wEkTBz6I=
github.com/go-gl/gl v0.0.0-20211210172815-726fda9656d6 h1:zDw5v7qm4yH7N8C8uWd+8Ii9rROdgWxQuGoJ9WDXxfk=
github.com/go-gl/gl v0.0.0-20211210172815-726fda9656d6/go.mod h1:9YTyiznxEY1fVinfM7RvRcjRHbw2xLBJ3AAGIT0I4Nw=
github.com/go-gl/glfw/v3.3/glfw v0.0.0-20221017161538-93cebf72946b h1:GgabKamyOYguHqHjSkDACcgoPIz3w0Dis/zJ1wyHHHU=
github.com/go-gl/glfw/v3.3/glfw v0.0.0-20221017161538-93cebf72946b/go.mod h1:tQ2UAYgL5IevRw8kRxooKSPJfGvJ9fJQFa0TUsXzTg8=
github.com/google/go-cmp v0.5.9 h1:O2Tfq5qg4qc4AmwVlvv0oLiVAGB7enBSJ2x2DqQFi38=
github.com/google/go-cmp v0.5.9/go.mod h1:17dUlkBOakJ0+DkrSSNjCkIjxS6bF9zb3elmeNGIjoY=
